
Microsoft Visual Studio Solution File, Format Version 12.00
# Visual Studio Version 16
VisualStudioVersion = 16.0.30517.126
MinimumVisualStudioVersion = 10.0.40219.1
Project("{FAE04EC0-301F-11D3-BF4B-00C04F79EFBC}") = "GraphQLDemo", "GraphQLDemo\GraphQLDemo.csproj", "{7700ACD6-F452-4FA0-A511-288879754C57}"
EndProject
Global
	GlobalSection(SolutionConfigurationPlatforms) = preSolution
		Debug|Any CPU = Debug|Any CPU
		Release|Any CPU = Release|Any CPU
	EndGlobalSection
	GlobalSection(ProjectConfigurationPlatforms) = postSolution
		{7700ACD6-F452-4FA0-A511-288879754C57}.Debug|Any CPU.ActiveCfg = Debug|Any CPU
		{7700ACD6-F452-4FA0-A511-288879754C57}.Debug|Any CPU.Build.0 = Debug|Any CPU
		{7700ACD6-F452-4FA0-A511-288879754C57}.Release|Any CPU.ActiveCfg = Release|Any CPU
		{7700ACD6-F452-4FA0-A511-288879754C57}.Release|Any CPU.Build.0 = Release|Any CPU
	EndGlobalSection
	GlobalSection(SolutionProperties) = preSolution
		HideSolutionNode = FALSE
	EndGlobalSection
	GlobalSection(ExtensibilityGlobals) = postSolution
		SolutionGuid = {9838745B-4DB9-4FE6-9453-A065A49819D7}
	EndGlobalSection
EndGlobal
